
Microsoft Visual Studio Solution File, Format Version 12.00
# Visual Studio 14
VisualStudioVersion = 14.0.22310.1
MinimumVisualStudioVersion = 10.0.40219.1
Project("{9092AA53-FB77-4645-B42D-1CCCA6BD08BD}") = "jsSubstitute", "jsSubstitute\jsSubstitute.njsproj", "{57C5F81C-EB6F-4AC8-AFF9-99D77D46180D}"
EndProject
Project("{9092AA53-FB77-4645-B42D-1CCCA6BD08BD}") = "jsSubstitute.Browser.Tests", "jsSubstitute.Browser.Tests\jsSubstitute.Browser.Tests.njsproj", "{298AD88E-40C8-4B57-9786-A60CBCE6F900}"
EndProject
Project("{9092AA53-FB77-4645-B42D-1CCCA6BD08BD}") = "jsSubstitute.Node.Tests", "jsSubstitute.Node.Tests\jsSubstitute.Node.Tests.njsproj", "{7A8235D9-E6B9-4D63-8C81-507C6E749582}"
EndProject
Project("{2150E333-8FDC-42A3-9474-1A3956D46DE8}") = "Solution Items", "Solution Items", "{E61F56E8-0905-448A-9102-9CE72997DFCD}"
	ProjectSection(SolutionItems) = preProject
		bower.json = bower.json
		gruntfile.js = gruntfile.js
		karma.conf.js = karma.conf.js
		package.json = package.json
	EndProjectSection
EndProject
Project("{2150E333-8FDC-42A3-9474-1A3956D46DE8}") = "jsSubstitute-bower", "jsSubstitute-bower", "{A4D4162B-2512-4E88-9B75-3D4AF8BD0083}"
	ProjectSection(SolutionItems) = preProject
		jsSubstitute-bower\bower.json = jsSubstitute-bower\bower.json
		jsSubstitute-bower\LICENSE = jsSubstitute-bower\LICENSE
		jsSubstitute-bower\README.md = jsSubstitute-bower\README.md
	EndProjectSection
EndProject
Project("{2150E333-8FDC-42A3-9474-1A3956D46DE8}") = "jsSubstitute-npm", "jsSubstitute-npm", "{BB1D220A-3B5E-46ED-980F-7CEF90F37F26}"
	ProjectSection(SolutionItems) = preProject
		jsSubstitute-npm\LICENSE = jsSubstitute-npm\LICENSE
		jsSubstitute-npm\package.json = jsSubstitute-npm\package.json
		jsSubstitute-npm\README.md = jsSubstitute-npm\README.md
	EndProjectSection
EndProject
Global
	GlobalSection(SolutionConfigurationPlatforms) = preSolution
		Debug|Any CPU = Debug|Any CPU
		Release|Any CPU = Release|Any CPU
	EndGlobalSection
	GlobalSection(ProjectConfigurationPlatforms) = postSolution
		{57C5F81C-EB6F-4AC8-AFF9-99D77D46180D}.Debug|Any CPU.ActiveCfg = Debug|Any CPU
		{57C5F81C-EB6F-4AC8-AFF9-99D77D46180D}.Debug|Any CPU.Build.0 = Debug|Any CPU
		{57C5F81C-EB6F-4AC8-AFF9-99D77D46180D}.Release|Any CPU.ActiveCfg = Release|Any CPU
		{57C5F81C-EB6F-4AC8-AFF9-99D77D46180D}.Release|Any CPU.Build.0 = Release|Any CPU
		{298AD88E-40C8-4B57-9786-A60CBCE6F900}.Debug|Any CPU.ActiveCfg = Debug|Any CPU
		{298AD88E-40C8-4B57-9786-A60CBCE6F900}.Debug|Any CPU.Build.0 = Debug|Any CPU
		{298AD88E-40C8-4B57-9786-A60CBCE6F900}.Release|Any CPU.ActiveCfg = Release|Any CPU
		{298AD88E-40C8-4B57-9786-A60CBCE6F900}.Release|Any CPU.Build.0 = Release|Any CPU
		{7A8235D9-E6B9-4D63-8C81-507C6E749582}.Debug|Any CPU.ActiveCfg = Debug|Any CPU
		{7A8235D9-E6B9-4D63-8C81-507C6E749582}.Debug|Any CPU.Build.0 = Debug|Any CPU
		{7A8235D9-E6B9-4D63-8C81-507C6E749582}.Release|Any CPU.ActiveCfg = Release|Any CPU
		{7A8235D9-E6B9-4D63-8C81-507C6E749582}.Release|Any CPU.Build.0 = Release|Any CPU
	EndGlobalSection
	GlobalSection(SolutionProperties) = preSolution
		HideSolutionNode = FALSE
	EndGlobalSection
EndGlobal
