
Microsoft Visual Studio Solution File, Format Version 12.00
# Visual Studio 14
VisualStudioVersion = 14.0.22310.1
MinimumVisualStudioVersion = 10.0.40219.1
Project("{9092AA53-FB77-4645-B42D-1CCCA6BD08BD}") = "jsSubstitute", "jsSubstitute\jsSubstitute.njsproj", "{57C5F81C-EB6F-4AC8-AFF9-99D77D46180D}"
EndProject
Project("{9092AA53-FB77-4645-B42D-1CCCA6BD08BD}") = "jsSubstitute.Browser.Tests", "jsSubstitute.Browser.Tests\jsSubstitute.Browser.Tests.njsproj", "{298AD88E-40C8-4B57-9786-A60CBCE6F900}"
EndProject
Global
	GlobalSection(SolutionConfigurationPlatforms) = preSolution
		Debug|Any CPU = Debug|Any CPU
		Release|Any CPU = Release|Any CPU
	EndGlobalSection
	GlobalSection(ProjectConfigurationPlatforms) = postSolution
		{57C5F81C-EB6F-4AC8-AFF9-99D77D46180D}.Debug|Any CPU.ActiveCfg = Debug|Any CPU
		{57C5F81C-EB6F-4AC8-AFF9-99D77D46180D}.Debug|Any CPU.Build.0 = Debug|Any CPU
		{57C5F81C-EB6F-4AC8-AFF9-99D77D46180D}.Release|Any CPU.ActiveCfg = Release|Any CPU
		{57C5F81C-EB6F-4AC8-AFF9-99D77D46180D}.Release|Any CPU.Build.0 = Release|Any CPU
		{298AD88E-40C8-4B57-9786-A60CBCE6F900}.Debug|Any CPU.ActiveCfg = Debug|Any CPU
		{298AD88E-40C8-4B57-9786-A60CBCE6F900}.Debug|Any CPU.Build.0 = Debug|Any CPU
		{298AD88E-40C8-4B57-9786-A60CBCE6F900}.Release|Any CPU.ActiveCfg = Release|Any CPU
		{298AD88E-40C8-4B57-9786-A60CBCE6F900}.Release|Any CPU.Build.0 = Release|Any CPU
	EndGlobalSection
	GlobalSection(SolutionProperties) = preSolution
		HideSolutionNode = FALSE
	EndGlobalSection
EndGlobal
